
Microsoft Visual Studio Solution File, Format Version 12.00
# Visual Studio Version 17
VisualStudioVersion = 17.7.34221.43
MinimumVisualStudioVersion = 10.0.40219.1
Project("{2150E333-8FDC-42A3-9474-1A3956D46DE8}") = "Engine", "Engine", "{A4895411-C561-4010-94DB-0F2CD43EEB13}"
EndProject
Project("{2150E333-8FDC-42A3-9474-1A3956D46DE8}") = "Framework", "Framework", "{91E69A07-D96C-491D-8D68-D855296E3D38}"
EndProject
Project("{8BC9CEB8-8B4A-11D0-8D11-00A0C91BC942}") = "Core", "Framework\Core\Core.vcxproj", "{E6C1874F-7010-4426-A3DC-B90E92023D73}"
EndProject
Project("{2150E333-8FDC-42A3-9474-1A3956D46DE8}") = "VGP242", "VGP242", "{8352A241-7006-4437-A719-9A317328790B}"
EndProject
Project("{8BC9CEB8-8B4A-11D0-8D11-00A0C91BC942}") = "01_HelloWindow", "VGP242\01_HelloWindow\01_HelloWindow.vcxproj", "{C334D320-1B6F-4518-A77D-936D23F2A07E}"
EndProject
Project("{8BC9CEB8-8B4A-11D0-8D11-00A0C91BC942}") = "SumEngine", "Engine\SumEngine\SumEngine.vcxproj", "{653358AA-2803-4AD7-BFD5-869402C82D57}"
EndProject
Project("{8BC9CEB8-8B4A-11D0-8D11-00A0C91BC942}") = "Graphics", "Framework\Graphics\Graphics.vcxproj", "{4ED2E746-1D15-4C41-8E77-C6487F43B778}"
EndProject
Project("{2150E333-8FDC-42A3-9474-1A3956D46DE8}") = "External", "External", "{9B740904-0C02-4FC2-8E02-A3D382C43E73}"
EndProject
Project("{8BC9CEB8-8B4A-11D0-8D11-00A0C91BC942}") = "DirectXTK_Desktop_2019", "External\DirectXTK\DirectXTK_Desktop_2019.vcxproj", "{E0B52AE7-E160-4D32-BF3F-910B785E5A8E}"
EndProject
Project("{8BC9CEB8-8B4A-11D0-8D11-00A0C91BC942}") = "Math", "Framework\Math\Math.vcxproj", "{D1CA39EE-E8D8-4137-ADA1-9E35F5D47AC2}"
EndProject
Project("{8BC9CEB8-8B4A-11D0-8D11-00A0C91BC942}") = "Input", "Framework\Input\Input.vcxproj", "{3629F01A-6FED-42EB-B308-E9F7F1346EAF}"
EndProject
Project("{8BC9CEB8-8B4A-11D0-8D11-00A0C91BC942}") = "02_HelloShapes", "VGP242\02_HelloShapes\02_HelloShapes.vcxproj", "{ABB52560-31CD-4BEE-B654-2296DB228AF7}"
EndProject
Project("{2150E333-8FDC-42A3-9474-1A3956D46DE8}") = "Assets", "Assets", "{B1443D85-B641-4865-BAF3-BB8D65C8D8C3}"
EndProject
Project("{2150E333-8FDC-42A3-9474-1A3956D46DE8}") = "Shaders", "Shaders", "{4E8ED22A-D075-4D68-ADA6-0D2185936761}"
	ProjectSection(SolutionItems) = preProject
		Assets\Shaders\CelShading.fx = Assets\Shaders\CelShading.fx
		Assets\Shaders\DoColor.fx = Assets\Shaders\DoColor.fx
		Assets\Shaders\DoTexture.fx = Assets\Shaders\DoTexture.fx
		Assets\Shaders\DoTransform.fx = Assets\Shaders\DoTransform.fx
		Assets\Shaders\GaussianBlur.fx = Assets\Shaders\GaussianBlur.fx
		Assets\Shaders\Particle.fx = Assets\Shaders\Particle.fx
		Assets\Shaders\PostProcessing.fx = Assets\Shaders\PostProcessing.fx
		Assets\Shaders\Shadow.fx = Assets\Shaders\Shadow.fx
		Assets\Shaders\Standard.fx = Assets\Shaders\Standard.fx
		Assets\Shaders\Terrain.fx = Assets\Shaders\Terrain.fx
		Assets\Shaders\WaterWaves.fx = Assets\Shaders\WaterWaves.fx
	EndProjectSection
EndProject
Project("{8BC9CEB8-8B4A-11D0-8D11-00A0C91BC942}") = "03_HelloCube", "VGP242\03_HelloCube\03_HelloCube.vcxproj", "{1E46322E-2C85-4B36-B6B4-793EFD5ED6B8}"
EndProject
Project("{8BC9CEB8-8B4A-11D0-8D11-00A0C91BC942}") = "04_HelloMeshBuilder", "VGP242\04_HelloMeshBuilder\04_HelloMeshBuilder.vcxproj", "{D92DB9AE-1C38-4F21-9549-E1E2AD38B0A2}"
EndProject
Project("{8BC9CEB8-8B4A-11D0-8D11-00A0C91BC942}") = "ImGui", "External\ImGui\ImGui.vcxproj", "{52D656A2-A2F4-4C54-A3C7-653427BED1E8}"
EndProject
Project("{8BC9CEB8-8B4A-11D0-8D11-00A0C91BC942}") = "05_HelloDebug", "VGP242\05_HelloDebug\05_HelloDebug.vcxproj", "{E59DD9E5-12DA-4BBF-9CF1-2760AE320C82}"
EndProject
Project("{8BC9CEB8-8B4A-11D0-8D11-00A0C91BC942}") = "06_HelloSimpleDraw", "VGP242\06_HelloSimpleDraw\06_HelloSimpleDraw.vcxproj", "{E85FCD64-57F4-4BA1-89EE-C6008725D926}"
EndProject
Project("{8BC9CEB8-8B4A-11D0-8D11-00A0C91BC942}") = "07_HelloRenderTarget", "VGP242\07_HelloRenderTarget\07_HelloRenderTarget.vcxproj", "{DD26BFC6-25E2-4FB5-839E-612E12F56A4A}"
EndProject
Project("{8BC9CEB8-8B4A-11D0-8D11-00A0C91BC942}") = "08_HelloSolarSystem", "VGP242\08_HelloSolarSystem\08_HelloSolarSystem.vcxproj", "{AFC7393E-0B40-4FD2-B4EE-F81CCC5B65B9}"
EndProject
Project("{2150E333-8FDC-42A3-9474-1A3956D46DE8}") = "Tools", "Tools", "{92D5C83B-290A-40DA-BA5C-B2A6B9500E70}"
EndProject
Project("{8BC9CEB8-8B4A-11D0-8D11-00A0C91BC942}") = "ModelImporter", "Tools\ModelImporter\ModelImporter.vcxproj", "{145A0904-7138-4B18-A25E-56C20C176BC7}"
EndProject
Project("{8BC9CEB8-8B4A-11D0-8D11-00A0C91BC942}") = "Physics", "Framework\Physics\Physics.vcxproj", "{8F21474D-D5AC-4697-B4E7-1A90B5AFCB0F}"
EndProject
Project("{8BC9CEB8-8B4A-11D0-8D11-00A0C91BC942}") = "Bullet", "External\Bullet\Bullet.vcxproj", "{516192EB-788A-4FE7-B2B7-2EF9AC036B12}"
EndProject
Project("{8BC9CEB8-8B4A-11D0-8D11-00A0C91BC942}") = "Audio", "Framework\Audio\Audio.vcxproj", "{91B3EC27-3AF5-4D1A-B54F-0E8810C43623}"
EndProject
Project("{8BC9CEB8-8B4A-11D0-8D11-00A0C91BC942}") = "DirectXTKAudio_Desktop_2022_Win8", "External\DirectXTK\Audio\DirectXTKAudio_Desktop_2022_Win8.vcxproj", "{4F150A30-CECB-49D1-8283-6A3F57438CF5}"
EndProject
Project("{2150E333-8FDC-42A3-9474-1A3956D46DE8}") = "VGP336", "VGP336", "{FC410864-422B-46D5-9791-725485426318}"
EndProject
Project("{8BC9CEB8-8B4A-11D0-8D11-00A0C91BC942}") = "28_HelloMemory", "VGP336\28_HelloMemory\28_HelloMemory.vcxproj", "{B46D4E98-237A-453D-9571-7A9DC58A0D84}"
EndProject
Project("{8BC9CEB8-8B4A-11D0-8D11-00A0C91BC942}") = "29_HelloGameObject", "VGP336\29_HelloGameObject\29_HelloGameObject.vcxproj", "{05376FC4-58E8-4D18-8ACD-CE4BED1AE74A}"
EndProject
Project("{8BC9CEB8-8B4A-11D0-8D11-00A0C91BC942}") = "30_HelloGameObjectFactory", "VGP336\30_HelloGameObjectFactory\30_HelloGameObjectFactory.vcxproj", "{B403F41E-1565-49CD-9182-AEA9112B9FBD}"
EndProject
Project("{2150E333-8FDC-42A3-9474-1A3956D46DE8}") = "Templates", "Templates", "{E80072F9-41DC-47A1-B9EC-D7E767921B72}"
	ProjectSection(SolutionItems) = preProject
		Assets\Templates\fps_camera.json.json = Assets\Templates\fps_camera.json.json
		Assets\Templates\Mesh_obj.json = Assets\Templates\Mesh_obj.json
		Assets\Templates\transform_obj.json = Assets\Templates\transform_obj.json
	EndProjectSection
EndProject
Global
	GlobalSection(SolutionConfigurationPlatforms) = preSolution
		Debug|x64 = Debug|x64
		Debug|x86 = Debug|x86
		Release|x64 = Release|x64
		Release|x86 = Release|x86
	EndGlobalSection
	GlobalSection(ProjectConfigurationPlatforms) = postSolution
		{E6C1874F-7010-4426-A3DC-B90E92023D73}.Debug|x64.ActiveCfg = Debug|x64
		{E6C1874F-7010-4426-A3DC-B90E92023D73}.Debug|x64.Build.0 = Debug|x64
		{E6C1874F-7010-4426-A3DC-B90E92023D73}.Debug|x86.ActiveCfg = Debug|Win32
		{E6C1874F-7010-4426-A3DC-B90E92023D73}.Debug|x86.Build.0 = Debug|Win32
		{E6C1874F-7010-4426-A3DC-B90E92023D73}.Release|x64.ActiveCfg = Release|x64
		{E6C1874F-7010-4426-A3DC-B90E92023D73}.Release|x64.Build.0 = Release|x64
		{E6C1874F-7010-4426-A3DC-B90E92023D73}.Release|x86.ActiveCfg = Release|Win32
		{E6C1874F-7010-4426-A3DC-B90E92023D73}.Release|x86.Build.0 = Release|Win32
		{C334D320-1B6F-4518-A77D-936D23F2A07E}.Debug|x64.ActiveCfg = Debug|x64
		{C334D320-1B6F-4518-A77D-936D23F2A07E}.Debug|x64.Build.0 = Debug|x64
		{C334D320-1B6F-4518-A77D-936D23F2A07E}.Debug|x86.ActiveCfg = Debug|Win32
		{C334D320-1B6F-4518-A77D-936D23F2A07E}.Debug|x86.Build.0 = Debug|Win32
		{C334D320-1B6F-4518-A77D-936D23F2A07E}.Release|x64.ActiveCfg = Release|x64
		{C334D320-1B6F-4518-A77D-936D23F2A07E}.Release|x64.Build.0 = Release|x64
		{C334D320-1B6F-4518-A77D-936D23F2A07E}.Release|x86.ActiveCfg = Release|Win32
		{C334D320-1B6F-4518-A77D-936D23F2A07E}.Release|x86.Build.0 = Release|Win32
		{653358AA-2803-4AD7-BFD5-869402C82D57}.Debug|x64.ActiveCfg = Debug|x64
		{653358AA-2803-4AD7-BFD5-869402C82D57}.Debug|x64.Build.0 = Debug|x64
		{653358AA-2803-4AD7-BFD5-869402C82D57}.Debug|x86.ActiveCfg = Debug|Win32
		{653358AA-2803-4AD7-BFD5-869402C82D57}.Debug|x86.Build.0 = Debug|Win32
		{653358AA-2803-4AD7-BFD5-869402C82D57}.Release|x64.ActiveCfg = Release|x64
		{653358AA-2803-4AD7-BFD5-869402C82D57}.Release|x64.Build.0 = Release|x64
		{653358AA-2803-4AD7-BFD5-869402C82D57}.Release|x86.ActiveCfg = Release|Win32
		{653358AA-2803-4AD7-BFD5-869402C82D57}.Release|x86.Build.0 = Release|Win32
		{4ED2E746-1D15-4C41-8E77-C6487F43B778}.Debug|x64.ActiveCfg = Debug|x64
		{4ED2E746-1D15-4C41-8E77-C6487F43B778}.Debug|x64.Build.0 = Debug|x64
		{4ED2E746-1D15-4C41-8E77-C6487F43B778}.Debug|x86.ActiveCfg = Debug|Win32
		{4ED2E746-1D15-4C41-8E77-C6487F43B778}.Debug|x86.Build.0 = Debug|Win32
		{4ED2E746-1D15-4C41-8E77-C6487F43B778}.Release|x64.ActiveCfg = Release|x64
		{4ED2E746-1D15-4C41-8E77-C6487F43B778}.Release|x64.Build.0 = Release|x64
		{4ED2E746-1D15-4C41-8E77-C6487F43B778}.Release|x86.ActiveCfg = Release|Win32
		{4ED2E746-1D15-4C41-8E77-C6487F43B778}.Release|x86.Build.0 = Release|Win32
		{E0B52AE7-E160-4D32-BF3F-910B785E5A8E}.Debug|x64.ActiveCfg = Debug|x64
		{E0B52AE7-E160-4D32-BF3F-910B785E5A8E}.Debug|x64.Build.0 = Debug|x64
		{E0B52AE7-E160-4D32-BF3F-910B785E5A8E}.Debug|x86.ActiveCfg = Debug|Win32
		{E0B52AE7-E160-4D32-BF3F-910B785E5A8E}.Debug|x86.Build.0 = Debug|Win32
		{E0B52AE7-E160-4D32-BF3F-910B785E5A8E}.Release|x64.ActiveCfg = Release|x64
		{E0B52AE7-E160-4D32-BF3F-910B785E5A8E}.Release|x64.Build.0 = Release|x64
		{E0B52AE7-E160-4D32-BF3F-910B785E5A8E}.Release|x86.ActiveCfg = Release|Win32
		{E0B52AE7-E160-4D32-BF3F-910B785E5A8E}.Release|x86.Build.0 = Release|Win32
		{D1CA39EE-E8D8-4137-ADA1-9E35F5D47AC2}.Debug|x64.ActiveCfg = Debug|x64
		{D1CA39EE-E8D8-4137-ADA1-9E35F5D47AC2}.Debug|x64.Build.0 = Debug|x64
		{D1CA39EE-E8D8-4137-ADA1-9E35F5D47AC2}.Debug|x86.ActiveCfg = Debug|Win32
		{D1CA39EE-E8D8-4137-ADA1-9E35F5D47AC2}.Debug|x86.Build.0 = Debug|Win32
		{D1CA39EE-E8D8-4137-ADA1-9E35F5D47AC2}.Release|x64.ActiveCfg = Release|x64
		{D1CA39EE-E8D8-4137-ADA1-9E35F5D47AC2}.Release|x64.Build.0 = Release|x64
		{D1CA39EE-E8D8-4137-ADA1-9E35F5D47AC2}.Release|x86.ActiveCfg = Release|Win32
		{D1CA39EE-E8D8-4137-ADA1-9E35F5D47AC2}.Release|x86.Build.0 = Release|Win32
		{3629F01A-6FED-42EB-B308-E9F7F1346EAF}.Debug|x64.ActiveCfg = Debug|x64
		{3629F01A-6FED-42EB-B308-E9F7F1346EAF}.Debug|x64.Build.0 = Debug|x64
		{3629F01A-6FED-42EB-B308-E9F7F1346EAF}.Debug|x86.ActiveCfg = Debug|Win32
		{3629F01A-6FED-42EB-B308-E9F7F1346EAF}.Debug|x86.Build.0 = Debug|Win32
		{3629F01A-6FED-42EB-B308-E9F7F1346EAF}.Release|x64.ActiveCfg = Release|x64
		{3629F01A-6FED-42EB-B308-E9F7F1346EAF}.Release|x64.Build.0 = Release|x64
		{3629F01A-6FED-42EB-B308-E9F7F1346EAF}.Release|x86.ActiveCfg = Release|Win32
		{3629F01A-6FED-42EB-B308-E9F7F1346EAF}.Release|x86.Build.0 = Release|Win32
		{ABB52560-31CD-4BEE-B654-2296DB228AF7}.Debug|x64.ActiveCfg = Debug|x64
		{ABB52560-31CD-4BEE-B654-2296DB228AF7}.Debug|x64.Build.0 = Debug|x64
		{ABB52560-31CD-4BEE-B654-2296DB228AF7}.Debug|x86.ActiveCfg = Debug|Win32
		{ABB52560-31CD-4BEE-B654-2296DB228AF7}.Debug|x86.Build.0 = Debug|Win32
		{ABB52560-31CD-4BEE-B654-2296DB228AF7}.Release|x64.ActiveCfg = Release|x64
		{ABB52560-31CD-4BEE-B654-2296DB228AF7}.Release|x64.Build.0 = Release|x64
		{ABB52560-31CD-4BEE-B654-2296DB228AF7}.Release|x86.ActiveCfg = Release|Win32
		{ABB52560-31CD-4BEE-B654-2296DB228AF7}.Release|x86.Build.0 = Release|Win32
		{1E46322E-2C85-4B36-B6B4-793EFD5ED6B8}.Debug|x64.ActiveCfg = Debug|x64
		{1E46322E-2C85-4B36-B6B4-793EFD5ED6B8}.Debug|x64.Build.0 = Debug|x64
		{1E46322E-2C85-4B36-B6B4-793EFD5ED6B8}.Debug|x86.ActiveCfg = Debug|Win32
		{1E46322E-2C85-4B36-B6B4-793EFD5ED6B8}.Debug|x86.Build.0 = Debug|Win32
		{1E46322E-2C85-4B36-B6B4-793EFD5ED6B8}.Release|x64.ActiveCfg = Release|x64
		{1E46322E-2C85-4B36-B6B4-793EFD5ED6B8}.Release|x64.Build.0 = Release|x64
		{1E46322E-2C85-4B36-B6B4-793EFD5ED6B8}.Release|x86.ActiveCfg = Release|Win32
		{1E46322E-2C85-4B36-B6B4-793EFD5ED6B8}.Release|x86.Build.0 = Release|Win32
		{D92DB9AE-1C38-4F21-9549-E1E2AD38B0A2}.Debug|x64.ActiveCfg = Debug|x64
		{D92DB9AE-1C38-4F21-9549-E1E2AD38B0A2}.Debug|x64.Build.0 = Debug|x64
		{D92DB9AE-1C38-4F21-9549-E1E2AD38B0A2}.Debug|x86.ActiveCfg = Debug|Win32
		{D92DB9AE-1C38-4F21-9549-E1E2AD38B0A2}.Debug|x86.Build.0 = Debug|Win32
		{D92DB9AE-1C38-4F21-9549-E1E2AD38B0A2}.Release|x64.ActiveCfg = Release|x64
		{D92DB9AE-1C38-4F21-9549-E1E2AD38B0A2}.Release|x64.Build.0 = Release|x64
		{D92DB9AE-1C38-4F21-9549-E1E2AD38B0A2}.Release|x86.ActiveCfg = Release|Win32
		{D92DB9AE-1C38-4F21-9549-E1E2AD38B0A2}.Release|x86.Build.0 = Release|Win32
		{52D656A2-A2F4-4C54-A3C7-653427BED1E8}.Debug|x64.ActiveCfg = Debug|x64
		{52D656A2-A2F4-4C54-A3C7-653427BED1E8}.Debug|x64.Build.0 = Debug|x64
		{52D656A2-A2F4-4C54-A3C7-653427BED1E8}.Debug|x86.ActiveCfg = Debug|Win32
		{52D656A2-A2F4-4C54-A3C7-653427BED1E8}.Debug|x86.Build.0 = Debug|Win32
		{52D656A2-A2F4-4C54-A3C7-653427BED1E8}.Release|x64.ActiveCfg = Release|x64
		{52D656A2-A2F4-4C54-A3C7-653427BED1E8}.Release|x64.Build.0 = Release|x64
		{52D656A2-A2F4-4C54-A3C7-653427BED1E8}.Release|x86.ActiveCfg = Release|Win32
		{52D656A2-A2F4-4C54-A3C7-653427BED1E8}.Release|x86.Build.0 = Release|Win32
		{E59DD9E5-12DA-4BBF-9CF1-2760AE320C82}.Debug|x64.ActiveCfg = Debug|x64
		{E59DD9E5-12DA-4BBF-9CF1-2760AE320C82}.Debug|x64.Build.0 = Debug|x64
		{E59DD9E5-12DA-4BBF-9CF1-2760AE320C82}.Debug|x86.ActiveCfg = Debug|Win32
		{E59DD9E5-12DA-4BBF-9CF1-2760AE320C82}.Debug|x86.Build.0 = Debug|Win32
		{E59DD9E5-12DA-4BBF-9CF1-2760AE320C82}.Release|x64.ActiveCfg = Release|x64
		{E59DD9E5-12DA-4BBF-9CF1-2760AE320C82}.Release|x64.Build.0 = Release|x64
		{E59DD9E5-12DA-4BBF-9CF1-2760AE320C82}.Release|x86.ActiveCfg = Release|Win32
		{E59DD9E5-12DA-4BBF-9CF1-2760AE320C82}.Release|x86.Build.0 = Release|Win32
		{E85FCD64-57F4-4BA1-89EE-C6008725D926}.Debug|x64.ActiveCfg = Debug|x64
		{E85FCD64-57F4-4BA1-89EE-C6008725D926}.Debug|x64.Build.0 = Debug|x64
		{E85FCD64-57F4-4BA1-89EE-C6008725D926}.Debug|x86.ActiveCfg = Debug|Win32
		{E85FCD64-57F4-4BA1-89EE-C6008725D926}.Debug|x86.Build.0 = Debug|Win32
		{E85FCD64-57F4-4BA1-89EE-C6008725D926}.Release|x64.ActiveCfg = Release|x64
		{E85FCD64-57F4-4BA1-89EE-C6008725D926}.Release|x64.Build.0 = Release|x64
		{E85FCD64-57F4-4BA1-89EE-C6008725D926}.Release|x86.ActiveCfg = Release|Win32
		{E85FCD64-57F4-4BA1-89EE-C6008725D926}.Release|x86.Build.0 = Release|Win32
		{DD26BFC6-25E2-4FB5-839E-612E12F56A4A}.Debug|x64.ActiveCfg = Debug|x64
		{DD26BFC6-25E2-4FB5-839E-612E12F56A4A}.Debug|x64.Build.0 = Debug|x64
		{DD26BFC6-25E2-4FB5-839E-612E12F56A4A}.Debug|x86.ActiveCfg = Debug|Win32
		{DD26BFC6-25E2-4FB5-839E-612E12F56A4A}.Debug|x86.Build.0 = Debug|Win32
		{DD26BFC6-25E2-4FB5-839E-612E12F56A4A}.Release|x64.ActiveCfg = Release|x64
		{DD26BFC6-25E2-4FB5-839E-612E12F56A4A}.Release|x64.Build.0 = Release|x64
		{DD26BFC6-25E2-4FB5-839E-612E12F56A4A}.Release|x86.ActiveCfg = Release|Win32
		{DD26BFC6-25E2-4FB5-839E-612E12F56A4A}.Release|x86.Build.0 = Release|Win32
		{AFC7393E-0B40-4FD2-B4EE-F81CCC5B65B9}.Debug|x64.ActiveCfg = Debug|x64
		{AFC7393E-0B40-4FD2-B4EE-F81CCC5B65B9}.Debug|x64.Build.0 = Debug|x64
		{AFC7393E-0B40-4FD2-B4EE-F81CCC5B65B9}.Debug|x86.ActiveCfg = Debug|Win32
		{AFC7393E-0B40-4FD2-B4EE-F81CCC5B65B9}.Debug|x86.Build.0 = Debug|Win32
		{AFC7393E-0B40-4FD2-B4EE-F81CCC5B65B9}.Release|x64.ActiveCfg = Release|x64
		{AFC7393E-0B40-4FD2-B4EE-F81CCC5B65B9}.Release|x64.Build.0 = Release|x64
		{AFC7393E-0B40-4FD2-B4EE-F81CCC5B65B9}.Release|x86.ActiveCfg = Release|Win32
		{AFC7393E-0B40-4FD2-B4EE-F81CCC5B65B9}.Release|x86.Build.0 = Release|Win32
		{145A0904-7138-4B18-A25E-56C20C176BC7}.Debug|x64.ActiveCfg = Debug|x64
		{145A0904-7138-4B18-A25E-56C20C176BC7}.Debug|x64.Build.0 = Debug|x64
		{145A0904-7138-4B18-A25E-56C20C176BC7}.Debug|x86.ActiveCfg = Debug|Win32
		{145A0904-7138-4B18-A25E-56C20C176BC7}.Debug|x86.Build.0 = Debug|Win32
		{145A0904-7138-4B18-A25E-56C20C176BC7}.Release|x64.ActiveCfg = Release|x64
		{145A0904-7138-4B18-A25E-56C20C176BC7}.Release|x64.Build.0 = Release|x64
		{145A0904-7138-4B18-A25E-56C20C176BC7}.Release|x86.ActiveCfg = Release|Win32
		{145A0904-7138-4B18-A25E-56C20C176BC7}.Release|x86.Build.0 = Release|Win32
		{8F21474D-D5AC-4697-B4E7-1A90B5AFCB0F}.Debug|x64.ActiveCfg = Debug|x64
		{8F21474D-D5AC-4697-B4E7-1A90B5AFCB0F}.Debug|x64.Build.0 = Debug|x64
		{8F21474D-D5AC-4697-B4E7-1A90B5AFCB0F}.Debug|x86.ActiveCfg = Debug|Win32
		{8F21474D-D5AC-4697-B4E7-1A90B5AFCB0F}.Debug|x86.Build.0 = Debug|Win32
		{8F21474D-D5AC-4697-B4E7-1A90B5AFCB0F}.Release|x64.ActiveCfg = Release|x64
		{8F21474D-D5AC-4697-B4E7-1A90B5AFCB0F}.Release|x64.Build.0 = Release|x64
		{8F21474D-D5AC-4697-B4E7-1A90B5AFCB0F}.Release|x86.ActiveCfg = Release|Win32
		{8F21474D-D5AC-4697-B4E7-1A90B5AFCB0F}.Release|x86.Build.0 = Release|Win32
		{516192EB-788A-4FE7-B2B7-2EF9AC036B12}.Debug|x64.ActiveCfg = Debug|x64
		{516192EB-788A-4FE7-B2B7-2EF9AC036B12}.Debug|x64.Build.0 = Debug|x64
		{516192EB-788A-4FE7-B2B7-2EF9AC036B12}.Debug|x86.ActiveCfg = Debug|Win32
		{516192EB-788A-4FE7-B2B7-2EF9AC036B12}.Debug|x86.Build.0 = Debug|Win32
		{516192EB-788A-4FE7-B2B7-2EF9AC036B12}.Release|x64.ActiveCfg = Release|x64
		{516192EB-788A-4FE7-B2B7-2EF9AC036B12}.Release|x64.Build.0 = Release|x64
		{516192EB-788A-4FE7-B2B7-2EF9AC036B12}.Release|x86.ActiveCfg = Release|Win32
		{516192EB-788A-4FE7-B2B7-2EF9AC036B12}.Release|x86.Build.0 = Release|Win32
		{91B3EC27-3AF5-4D1A-B54F-0E8810C43623}.Debug|x64.ActiveCfg = Debug|x64
		{91B3EC27-3AF5-4D1A-B54F-0E8810C43623}.Debug|x64.Build.0 = Debug|x64
		{91B3EC27-3AF5-4D1A-B54F-0E8810C43623}.Debug|x86.ActiveCfg = Debug|Win32
		{91B3EC27-3AF5-4D1A-B54F-0E8810C43623}.Debug|x86.Build.0 = Debug|Win32
		{91B3EC27-3AF5-4D1A-B54F-0E8810C43623}.Release|x64.ActiveCfg = Release|x64
		{91B3EC27-3AF5-4D1A-B54F-0E8810C43623}.Release|x64.Build.0 = Release|x64
		{91B3EC27-3AF5-4D1A-B54F-0E8810C43623}.Release|x86.ActiveCfg = Release|Win32
		{91B3EC27-3AF5-4D1A-B54F-0E8810C43623}.Release|x86.Build.0 = Release|Win32
		{4F150A30-CECB-49D1-8283-6A3F57438CF5}.Debug|x64.ActiveCfg = Debug|x64
		{4F150A30-CECB-49D1-8283-6A3F57438CF5}.Debug|x64.Build.0 = Debug|x64
		{4F150A30-CECB-49D1-8283-6A3F57438CF5}.Debug|x86.ActiveCfg = Debug|Win32
		{4F150A30-CECB-49D1-8283-6A3F57438CF5}.Debug|x86.Build.0 = Debug|Win32
		{4F150A30-CECB-49D1-8283-6A3F57438CF5}.Release|x64.ActiveCfg = Release|x64
		{4F150A30-CECB-49D1-8283-6A3F57438CF5}.Release|x64.Build.0 = Release|x64
		{4F150A30-CECB-49D1-8283-6A3F57438CF5}.Release|x86.ActiveCfg = Release|Win32
		{4F150A30-CECB-49D1-8283-6A3F57438CF5}.Release|x86.Build.0 = Release|Win32
		{B46D4E98-237A-453D-9571-7A9DC58A0D84}.Debug|x64.ActiveCfg = Debug|x64
		{B46D4E98-237A-453D-9571-7A9DC58A0D84}.Debug|x64.Build.0 = Debug|x64
		{B46D4E98-237A-453D-9571-7A9DC58A0D84}.Debug|x86.ActiveCfg = Debug|Win32
		{B46D4E98-237A-453D-9571-7A9DC58A0D84}.Debug|x86.Build.0 = Debug|Win32
		{B46D4E98-237A-453D-9571-7A9DC58A0D84}.Release|x64.ActiveCfg = Release|x64
		{B46D4E98-237A-453D-9571-7A9DC58A0D84}.Release|x64.Build.0 = Release|x64
		{B46D4E98-237A-453D-9571-7A9DC58A0D84}.Release|x86.ActiveCfg = Release|Win32
		{B46D4E98-237A-453D-9571-7A9DC58A0D84}.Release|x86.Build.0 = Release|Win32
		{05376FC4-58E8-4D18-8ACD-CE4BED1AE74A}.Debug|x64.ActiveCfg = Debug|x64
		{05376FC4-58E8-4D18-8ACD-CE4BED1AE74A}.Debug|x64.Build.0 = Debug|x64
		{05376FC4-58E8-4D18-8ACD-CE4BED1AE74A}.Debug|x86.ActiveCfg = Debug|Win32
		{05376FC4-58E8-4D18-8ACD-CE4BED1AE74A}.Debug|x86.Build.0 = Debug|Win32
		{05376FC4-58E8-4D18-8ACD-CE4BED1AE74A}.Release|x64.ActiveCfg = Release|x64
		{05376FC4-58E8-4D18-8ACD-CE4BED1AE74A}.Release|x64.Build.0 = Release|x64
		{05376FC4-58E8-4D18-8ACD-CE4BED1AE74A}.Release|x86.ActiveCfg = Release|Win32
		{05376FC4-58E8-4D18-8ACD-CE4BED1AE74A}.Release|x86.Build.0 = Release|Win32
		{B403F41E-1565-49CD-9182-AEA9112B9FBD}.Debug|x64.ActiveCfg = Debug|x64
		{B403F41E-1565-49CD-9182-AEA9112B9FBD}.Debug|x64.Build.0 = Debug|x64
		{B403F41E-1565-49CD-9182-AEA9112B9FBD}.Debug|x86.ActiveCfg = Debug|Win32
		{B403F41E-1565-49CD-9182-AEA9112B9FBD}.Debug|x86.Build.0 = Debug|Win32
		{B403F41E-1565-49CD-9182-AEA9112B9FBD}.Release|x64.ActiveCfg = Release|x64
		{B403F41E-1565-49CD-9182-AEA9112B9FBD}.Release|x64.Build.0 = Release|x64
		{B403F41E-1565-49CD-9182-AEA9112B9FBD}.Release|x86.ActiveCfg = Release|Win32
		{B403F41E-1565-49CD-9182-AEA9112B9FBD}.Release|x86.Build.0 = Release|Win32
	EndGlobalSection
	GlobalSection(SolutionProperties) = preSolution
		HideSolutionNode = FALSE
	EndGlobalSection
	GlobalSection(NestedProjects) = preSolution
		{E6C1874F-7010-4426-A3DC-B90E92023D73} = {91E69A07-D96C-491D-8D68-D855296E3D38}
		{C334D320-1B6F-4518-A77D-936D23F2A07E} = {8352A241-7006-4437-A719-9A317328790B}
		{653358AA-2803-4AD7-BFD5-869402C82D57} = {A4895411-C561-4010-94DB-0F2CD43EEB13}
		{4ED2E746-1D15-4C41-8E77-C6487F43B778} = {91E69A07-D96C-491D-8D68-D855296E3D38}
		{E0B52AE7-E160-4D32-BF3F-910B785E5A8E} = {9B740904-0C02-4FC2-8E02-A3D382C43E73}
		{D1CA39EE-E8D8-4137-ADA1-9E35F5D47AC2} = {91E69A07-D96C-491D-8D68-D855296E3D38}
		{3629F01A-6FED-42EB-B308-E9F7F1346EAF} = {91E69A07-D96C-491D-8D68-D855296E3D38}
		{ABB52560-31CD-4BEE-B654-2296DB228AF7} = {8352A241-7006-4437-A719-9A317328790B}
		{4E8ED22A-D075-4D68-ADA6-0D2185936761} = {B1443D85-B641-4865-BAF3-BB8D65C8D8C3}
		{1E46322E-2C85-4B36-B6B4-793EFD5ED6B8} = {8352A241-7006-4437-A719-9A317328790B}
		{D92DB9AE-1C38-4F21-9549-E1E2AD38B0A2} = {8352A241-7006-4437-A719-9A317328790B}
		{52D656A2-A2F4-4C54-A3C7-653427BED1E8} = {9B740904-0C02-4FC2-8E02-A3D382C43E73}
		{E59DD9E5-12DA-4BBF-9CF1-2760AE320C82} = {8352A241-7006-4437-A719-9A317328790B}
		{E85FCD64-57F4-4BA1-89EE-C6008725D926} = {8352A241-7006-4437-A719-9A317328790B}
		{DD26BFC6-25E2-4FB5-839E-612E12F56A4A} = {8352A241-7006-4437-A719-9A317328790B}
		{AFC7393E-0B40-4FD2-B4EE-F81CCC5B65B9} = {8352A241-7006-4437-A719-9A317328790B}
		{145A0904-7138-4B18-A25E-56C20C176BC7} = {92D5C83B-290A-40DA-BA5C-B2A6B9500E70}
		{8F21474D-D5AC-4697-B4E7-1A90B5AFCB0F} = {91E69A07-D96C-491D-8D68-D855296E3D38}
		{516192EB-788A-4FE7-B2B7-2EF9AC036B12} = {9B740904-0C02-4FC2-8E02-A3D382C43E73}
		{91B3EC27-3AF5-4D1A-B54F-0E8810C43623} = {91E69A07-D96C-491D-8D68-D855296E3D38}
		{4F150A30-CECB-49D1-8283-6A3F57438CF5} = {9B740904-0C02-4FC2-8E02-A3D382C43E73}
		{B46D4E98-237A-453D-9571-7A9DC58A0D84} = {FC410864-422B-46D5-9791-725485426318}
		{05376FC4-58E8-4D18-8ACD-CE4BED1AE74A} = {FC410864-422B-46D5-9791-725485426318}
		{B403F41E-1565-49CD-9182-AEA9112B9FBD} = {FC410864-422B-46D5-9791-725485426318}
		{E80072F9-41DC-47A1-B9EC-D7E767921B72} = {B1443D85-B641-4865-BAF3-BB8D65C8D8C3}
	EndGlobalSection
	GlobalSection(ExtensibilityGlobals) = postSolution
		SolutionGuid = {8FE74B6F-6EB1-4809-B285-5C9440857B8D}
	EndGlobalSection
EndGlobal
